
Microsoft Visual Studio Solution File, Format Version 11.00
# Visual Studio 2010
Project("{FAE04EC0-301F-11D3-BF4B-00C04F79EFBC}") = "StringCraft", "StringCraft\StringCraft.csproj", "{FC06924A-9726-41DF-95BF-3FCCDF366C5E}"
EndProject
Project("{FAE04EC0-301F-11D3-BF4B-00C04F79EFBC}") = "StringCraftGameTest", "StringCraftGameTest\StringCraftGameTest.csproj", "{486E590B-21AE-477F-800F-16CD0B2373AE}"
EndProject
Project("{FAE04EC0-301F-11D3-BF4B-00C04F79EFBC}") = "StringCraftUnitTests", "StringCraftUnitTests\StringCraftUnitTests.csproj", "{9DCCC85A-0244-4B21-ABAC-46E3711A5EEF}"
EndProject
Global
	GlobalSection(SolutionConfigurationPlatforms) = preSolution
		Debug|Any CPU = Debug|Any CPU
		Release|Any CPU = Release|Any CPU
		Default|Any CPU = Default|Any CPU
	EndGlobalSection
	GlobalSection(ProjectConfigurationPlatforms) = postSolution
		{486E590B-21AE-477F-800F-16CD0B2373AE}.Debug|Any CPU.ActiveCfg = Debug|Any CPU
		{486E590B-21AE-477F-800F-16CD0B2373AE}.Debug|Any CPU.Build.0 = Debug|Any CPU
		{486E590B-21AE-477F-800F-16CD0B2373AE}.Release|Any CPU.ActiveCfg = Release|Any CPU
		{486E590B-21AE-477F-800F-16CD0B2373AE}.Release|Any CPU.Build.0 = Release|Any CPU
		{9DCCC85A-0244-4B21-ABAC-46E3711A5EEF}.Debug|Any CPU.ActiveCfg = Debug|Any CPU
		{9DCCC85A-0244-4B21-ABAC-46E3711A5EEF}.Debug|Any CPU.Build.0 = Debug|Any CPU
		{9DCCC85A-0244-4B21-ABAC-46E3711A5EEF}.Default|Any CPU.ActiveCfg = Debug|Any CPU
		{9DCCC85A-0244-4B21-ABAC-46E3711A5EEF}.Default|Any CPU.Build.0 = Debug|Any CPU
		{9DCCC85A-0244-4B21-ABAC-46E3711A5EEF}.Release|Any CPU.ActiveCfg = Release|Any CPU
		{9DCCC85A-0244-4B21-ABAC-46E3711A5EEF}.Release|Any CPU.Build.0 = Release|Any CPU
		{FC06924A-9726-41DF-95BF-3FCCDF366C5E}.Debug|Any CPU.ActiveCfg = Debug|Any CPU
		{FC06924A-9726-41DF-95BF-3FCCDF366C5E}.Debug|Any CPU.Build.0 = Debug|Any CPU
		{FC06924A-9726-41DF-95BF-3FCCDF366C5E}.Release|Any CPU.ActiveCfg = Release|Any CPU
		{FC06924A-9726-41DF-95BF-3FCCDF366C5E}.Release|Any CPU.Build.0 = Release|Any CPU
	EndGlobalSection
	GlobalSection(MonoDevelopProperties) = preSolution
		StartupItems = $0
		$0.Item = StringCraftGameTest\StringCraftGameTest.csproj
		Policies = $1
		$1.TextStylePolicy = $2
		$2.inheritsSet = null
		$2.scope = text/x-csharp
		$1.CSharpFormattingPolicy = $3
		$3.inheritsSet = Mono
		$3.inheritsScope = text/x-csharp
		$3.scope = text/x-csharp
		$1.TextStylePolicy = $4
		$4.FileWidth = 120
		$4.TabWidth = 4
		$4.inheritsSet = Mono
		$4.inheritsScope = text/plain
		$4.scope = text/plain
		$1.DotNetNamingPolicy = $5
		$5.DirectoryNamespaceAssociation = None
		$5.ResourceNamePolicy = FileFormatDefault
		version = 0.3
	EndGlobalSection
EndGlobal
